# THIS IS AN AUTOGENERATED FILE. DO NOT EDIT THIS FILE DIRECTLY.
# yarn lockfile v1


perf_hooks@^0.0.1:
  version "0.0.1"
  resolved "https://registry.yarnpkg.com/perf_hooks/-/perf_hooks-0.0.1.tgz#253e7e18b71fcc0390fd3afb2cd7cf1685df040c"
  integrity sha512-qG/D9iA4KDme+KF4vCObJy6Bouu3BlQnmJ8jPydVPm32NJBD9ZK1ZNgXSYaZKHkVC1sKSqUiLgFvAZPUiIEnBw==
